Microsoft Visual Studio Solution File, Format Version 12.00
# Visual Studio Version 17
VisualStudioVersion = 17.5.2.0
MinimumVisualStudioVersion = 10.0.40219.1
Project("{FAE04EC0-301F-11D3-BF4B-00C04F79EFBC}") = "UseCases", "UseCases.csproj", "{7C2C651F-42E5-930D-6539-1F4FE04EFB00}"
EndProject
Global
	GlobalSection(SolutionConfigurationPlatforms) = preSolution
		Debug|Any CPU = Debug|Any CPU
		Release|Any CPU = Release|Any CPU
	EndGlobalSection
	GlobalSection(ProjectConfigurationPlatforms) = postSolution
		{7C2C651F-42E5-930D-6539-1F4FE04EFB00}.Debug|Any CPU.ActiveCfg = Debug|Any CPU
		{7C2C651F-42E5-930D-6539-1F4FE04EFB00}.Debug|Any CPU.Build.0 = Debug|Any CPU
		{7C2C651F-42E5-930D-6539-1F4FE04EFB00}.Release|Any CPU.ActiveCfg = Release|Any CPU
		{7C2C651F-42E5-930D-6539-1F4FE04EFB00}.Release|Any CPU.Build.0 = Release|Any CPU
	EndGlobalSection
	GlobalSection(SolutionProperties) = preSolution
		HideSolutionNode = FALSE
	EndGlobalSection
	GlobalSection(ExtensibilityGlobals) = postSolution
		SolutionGuid = {33998CAC-30C5-4EFF-91D2-5BB2CAB1623C}
	EndGlobalSection
EndGlobal
